
Microsoft Visual Studio Solution File, Format Version 12.00
# Visual Studio 2013
VisualStudioVersion = 12.0.21005.1
MinimumVisualStudioVersion = 10.0.40219.1
Project("{FAE04EC0-301F-11D3-BF4B-00C04F79EFBC}") = "DbPrepare", "DbPrepare\DbPrepare.csproj", "{91427962-4311-482B-B3FC-638AB942D6B3}"
EndProject
Project("{FAE04EC0-301F-11D3-BF4B-00C04F79EFBC}") = "MundlTransit.WP8", "MundlTransit.WP8\MundlTransit.WP8.csproj", "{77C4E411-C07D-4D3B-9323-2E95A8437610}"
EndProject
Project("{FAE04EC0-301F-11D3-BF4B-00C04F79EFBC}") = "MundlTransit.WP8.Data", "MundlTransit.WP8.Data\MundlTransit.WP8.Data.csproj", "{2BBDEDC5-ED57-486B-90AE-0658E145DA6D}"
EndProject
Project("{FAE04EC0-301F-11D3-BF4B-00C04F79EFBC}") = "WienerLinien.Api", "WienerLinien.Api\WienerLinien.Api.csproj", "{336FB8DF-A5DE-45F6-A66E-F43C25B3F65C}"
EndProject
Project("{FAE04EC0-301F-11D3-BF4B-00C04F79EFBC}") = "WienerLinien.Api.Tests", "WienerLinien.Api.Tests\WienerLinien.Api.Tests.csproj", "{D1EE558B-3307-4AD4-A316-910F790F304F}"
EndProject
Project("{8BC9CEB8-8B4A-11D0-8D11-00A0C91BC942}") = "Sqlite", "sqlite-net-wp8\Sqlite.vcxproj", "{59B35F6C-E062-4F0E-88D8-13F3F82A24F3}"
EndProject
Project("{FAE04EC0-301F-11D3-BF4B-00C04F79EFBC}") = "MundlTransit.ProtocolTester", "MundlTransit.ProtocolTester\MundlTransit.ProtocolTester.csproj", "{EA664269-CD4C-4236-8322-825E6A81EB21}"
EndProject
Global
	GlobalSection(SolutionConfigurationPlatforms) = preSolution
		Debug ARM|Any CPU = Debug ARM|Any CPU
		Debug ARM|ARM = Debug ARM|ARM
		Debug ARM|Mixed Platforms = Debug ARM|Mixed Platforms
		Debug ARM|Win32 = Debug ARM|Win32
		Debug ARM|x86 = Debug ARM|x86
		Debug|Any CPU = Debug|Any CPU
		Debug|ARM = Debug|ARM
		Debug|Mixed Platforms = Debug|Mixed Platforms
		Debug|Win32 = Debug|Win32
		Debug|x86 = Debug|x86
		Release ARM|Any CPU = Release ARM|Any CPU
		Release ARM|ARM = Release ARM|ARM
		Release ARM|Mixed Platforms = Release ARM|Mixed Platforms
		Release ARM|Win32 = Release ARM|Win32
		Release ARM|x86 = Release ARM|x86
		Release|Any CPU = Release|Any CPU
		Release|ARM = Release|ARM
		Release|Mixed Platforms = Release|Mixed Platforms
		Release|Win32 = Release|Win32
		Release|x86 = Release|x86
	EndGlobalSection
	GlobalSection(ProjectConfigurationPlatforms) = postSolution
		{91427962-4311-482B-B3FC-638AB942D6B3}.Debug ARM|Any CPU.ActiveCfg = Debug ARM|Any CPU
		{91427962-4311-482B-B3FC-638AB942D6B3}.Debug ARM|Any CPU.Build.0 = Debug ARM|Any CPU
		{91427962-4311-482B-B3FC-638AB942D6B3}.Debug ARM|ARM.ActiveCfg = Debug ARM|Any CPU
		{91427962-4311-482B-B3FC-638AB942D6B3}.Debug ARM|Mixed Platforms.ActiveCfg = Debug ARM|Any CPU
		{91427962-4311-482B-B3FC-638AB942D6B3}.Debug ARM|Mixed Platforms.Build.0 = Debug ARM|Any CPU
		{91427962-4311-482B-B3FC-638AB942D6B3}.Debug ARM|Win32.ActiveCfg = Debug ARM|Any CPU
		{91427962-4311-482B-B3FC-638AB942D6B3}.Debug ARM|x86.ActiveCfg = Debug ARM|Any CPU
		{91427962-4311-482B-B3FC-638AB942D6B3}.Debug|Any CPU.ActiveCfg = Debug|Any CPU
		{91427962-4311-482B-B3FC-638AB942D6B3}.Debug|Any CPU.Build.0 = Debug|Any CPU
		{91427962-4311-482B-B3FC-638AB942D6B3}.Debug|ARM.ActiveCfg = Debug|Any CPU
		{91427962-4311-482B-B3FC-638AB942D6B3}.Debug|Mixed Platforms.ActiveCfg = Debug|Any CPU
		{91427962-4311-482B-B3FC-638AB942D6B3}.Debug|Mixed Platforms.Build.0 = Debug|Any CPU
		{91427962-4311-482B-B3FC-638AB942D6B3}.Debug|Win32.ActiveCfg = Debug|Any CPU
		{91427962-4311-482B-B3FC-638AB942D6B3}.Debug|x86.ActiveCfg = Debug|Any CPU
		{91427962-4311-482B-B3FC-638AB942D6B3}.Release ARM|Any CPU.ActiveCfg = Release ARM|Any CPU
		{91427962-4311-482B-B3FC-638AB942D6B3}.Release ARM|Any CPU.Build.0 = Release ARM|Any CPU
		{91427962-4311-482B-B3FC-638AB942D6B3}.Release ARM|ARM.ActiveCfg = Release ARM|Any CPU
		{91427962-4311-482B-B3FC-638AB942D6B3}.Release ARM|Mixed Platforms.ActiveCfg = Release ARM|Any CPU
		{91427962-4311-482B-B3FC-638AB942D6B3}.Release ARM|Mixed Platforms.Build.0 = Release ARM|Any CPU
		{91427962-4311-482B-B3FC-638AB942D6B3}.Release ARM|Win32.ActiveCfg = Release ARM|Any CPU
		{91427962-4311-482B-B3FC-638AB942D6B3}.Release ARM|x86.ActiveCfg = Release ARM|Any CPU
		{91427962-4311-482B-B3FC-638AB942D6B3}.Release|Any CPU.ActiveCfg = Release|Any CPU
		{91427962-4311-482B-B3FC-638AB942D6B3}.Release|Any CPU.Build.0 = Release|Any CPU
		{91427962-4311-482B-B3FC-638AB942D6B3}.Release|ARM.ActiveCfg = Release|Any CPU
		{91427962-4311-482B-B3FC-638AB942D6B3}.Release|Mixed Platforms.ActiveCfg = Release|Any CPU
		{91427962-4311-482B-B3FC-638AB942D6B3}.Release|Mixed Platforms.Build.0 = Release|Any CPU
		{91427962-4311-482B-B3FC-638AB942D6B3}.Release|Win32.ActiveCfg = Release|Any CPU
		{91427962-4311-482B-B3FC-638AB942D6B3}.Release|x86.ActiveCfg = Release|Any CPU
		{77C4E411-C07D-4D3B-9323-2E95A8437610}.Debug ARM|Any CPU.ActiveCfg = Debug ARM|Any CPU
		{77C4E411-C07D-4D3B-9323-2E95A8437610}.Debug ARM|Any CPU.Build.0 = Debug ARM|Any CPU
		{77C4E411-C07D-4D3B-9323-2E95A8437610}.Debug ARM|Any CPU.Deploy.0 = Debug ARM|Any CPU
		{77C4E411-C07D-4D3B-9323-2E95A8437610}.Debug ARM|ARM.ActiveCfg = Debug ARM|ARM
		{77C4E411-C07D-4D3B-9323-2E95A8437610}.Debug ARM|ARM.Build.0 = Debug ARM|ARM
		{77C4E411-C07D-4D3B-9323-2E95A8437610}.Debug ARM|ARM.Deploy.0 = Debug ARM|ARM
		{77C4E411-C07D-4D3B-9323-2E95A8437610}.Debug ARM|Mixed Platforms.ActiveCfg = Debug ARM|ARM
		{77C4E411-C07D-4D3B-9323-2E95A8437610}.Debug ARM|Mixed Platforms.Build.0 = Debug ARM|ARM
		{77C4E411-C07D-4D3B-9323-2E95A8437610}.Debug ARM|Mixed Platforms.Deploy.0 = Debug ARM|ARM
		{77C4E411-C07D-4D3B-9323-2E95A8437610}.Debug ARM|Win32.ActiveCfg = Debug ARM|x86
		{77C4E411-C07D-4D3B-9323-2E95A8437610}.Debug ARM|Win32.Build.0 = Debug ARM|x86
		{77C4E411-C07D-4D3B-9323-2E95A8437610}.Debug ARM|Win32.Deploy.0 = Debug ARM|x86
		{77C4E411-C07D-4D3B-9323-2E95A8437610}.Debug ARM|x86.ActiveCfg = Debug ARM|x86
		{77C4E411-C07D-4D3B-9323-2E95A8437610}.Debug ARM|x86.Build.0 = Debug ARM|x86
		{77C4E411-C07D-4D3B-9323-2E95A8437610}.Debug ARM|x86.Deploy.0 = Debug ARM|x86
		{77C4E411-C07D-4D3B-9323-2E95A8437610}.Debug|Any CPU.ActiveCfg = Debug|Any CPU
		{77C4E411-C07D-4D3B-9323-2E95A8437610}.Debug|Any CPU.Build.0 = Debug|Any CPU
		{77C4E411-C07D-4D3B-9323-2E95A8437610}.Debug|Any CPU.Deploy.0 = Debug|Any CPU
		{77C4E411-C07D-4D3B-9323-2E95A8437610}.Debug|ARM.ActiveCfg = Debug|ARM
		{77C4E411-C07D-4D3B-9323-2E95A8437610}.Debug|ARM.Build.0 = Debug|ARM
		{77C4E411-C07D-4D3B-9323-2E95A8437610}.Debug|ARM.Deploy.0 = Debug|ARM
		{77C4E411-C07D-4D3B-9323-2E95A8437610}.Debug|Mixed Platforms.ActiveCfg = Debug|x86
		{77C4E411-C07D-4D3B-9323-2E95A8437610}.Debug|Mixed Platforms.Build.0 = Debug|x86
		{77C4E411-C07D-4D3B-9323-2E95A8437610}.Debug|Mixed Platforms.Deploy.0 = Debug|x86
		{77C4E411-C07D-4D3B-9323-2E95A8437610}.Debug|Win32.ActiveCfg = Debug|x86
		{77C4E411-C07D-4D3B-9323-2E95A8437610}.Debug|Win32.Build.0 = Debug|x86
		{77C4E411-C07D-4D3B-9323-2E95A8437610}.Debug|Win32.Deploy.0 = Debug|x86
		{77C4E411-C07D-4D3B-9323-2E95A8437610}.Debug|x86.ActiveCfg = Debug|x86
		{77C4E411-C07D-4D3B-9323-2E95A8437610}.Debug|x86.Build.0 = Debug|x86
		{77C4E411-C07D-4D3B-9323-2E95A8437610}.Debug|x86.Deploy.0 = Debug|x86
		{77C4E411-C07D-4D3B-9323-2E95A8437610}.Release ARM|Any CPU.ActiveCfg = Release ARM|Any CPU
		{77C4E411-C07D-4D3B-9323-2E95A8437610}.Release ARM|Any CPU.Build.0 = Release ARM|Any CPU
		{77C4E411-C07D-4D3B-9323-2E95A8437610}.Release ARM|Any CPU.Deploy.0 = Release ARM|Any CPU
		{77C4E411-C07D-4D3B-9323-2E95A8437610}.Release ARM|ARM.ActiveCfg = Release ARM|ARM
		{77C4E411-C07D-4D3B-9323-2E95A8437610}.Release ARM|ARM.Build.0 = Release ARM|ARM
		{77C4E411-C07D-4D3B-9323-2E95A8437610}.Release ARM|ARM.Deploy.0 = Release ARM|ARM
		{77C4E411-C07D-4D3B-9323-2E95A8437610}.Release ARM|Mixed Platforms.ActiveCfg = Release ARM|ARM
		{77C4E411-C07D-4D3B-9323-2E95A8437610}.Release ARM|Mixed Platforms.Build.0 = Release ARM|ARM
		{77C4E411-C07D-4D3B-9323-2E95A8437610}.Release ARM|Mixed Platforms.Deploy.0 = Release ARM|ARM
		{77C4E411-C07D-4D3B-9323-2E95A8437610}.Release ARM|Win32.ActiveCfg = Release ARM|x86
		{77C4E411-C07D-4D3B-9323-2E95A8437610}.Release ARM|Win32.Build.0 = Release ARM|x86
		{77C4E411-C07D-4D3B-9323-2E95A8437610}.Release ARM|Win32.Deploy.0 = Release ARM|x86
		{77C4E411-C07D-4D3B-9323-2E95A8437610}.Release ARM|x86.ActiveCfg = Release ARM|x86
		{77C4E411-C07D-4D3B-9323-2E95A8437610}.Release ARM|x86.Build.0 = Release ARM|x86
		{77C4E411-C07D-4D3B-9323-2E95A8437610}.Release ARM|x86.Deploy.0 = Release ARM|x86
		{77C4E411-C07D-4D3B-9323-2E95A8437610}.Release|Any CPU.ActiveCfg = Release|Any CPU
		{77C4E411-C07D-4D3B-9323-2E95A8437610}.Release|Any CPU.Build.0 = Release|Any CPU
		{77C4E411-C07D-4D3B-9323-2E95A8437610}.Release|Any CPU.Deploy.0 = Release|Any CPU
		{77C4E411-C07D-4D3B-9323-2E95A8437610}.Release|ARM.ActiveCfg = Release|ARM
		{77C4E411-C07D-4D3B-9323-2E95A8437610}.Release|ARM.Build.0 = Release|ARM
		{77C4E411-C07D-4D3B-9323-2E95A8437610}.Release|ARM.Deploy.0 = Release|ARM
		{77C4E411-C07D-4D3B-9323-2E95A8437610}.Release|Mixed Platforms.ActiveCfg = Release|x86
		{77C4E411-C07D-4D3B-9323-2E95A8437610}.Release|Mixed Platforms.Build.0 = Release|x86
		{77C4E411-C07D-4D3B-9323-2E95A8437610}.Release|Mixed Platforms.Deploy.0 = Release|x86
		{77C4E411-C07D-4D3B-9323-2E95A8437610}.Release|Win32.ActiveCfg = Release|x86
		{77C4E411-C07D-4D3B-9323-2E95A8437610}.Release|Win32.Build.0 = Release|x86
		{77C4E411-C07D-4D3B-9323-2E95A8437610}.Release|Win32.Deploy.0 = Release|x86
		{77C4E411-C07D-4D3B-9323-2E95A8437610}.Release|x86.ActiveCfg = Release|x86
		{77C4E411-C07D-4D3B-9323-2E95A8437610}.Release|x86.Build.0 = Release|x86
		{77C4E411-C07D-4D3B-9323-2E95A8437610}.Release|x86.Deploy.0 = Release|x86
		{2BBDEDC5-ED57-486B-90AE-0658E145DA6D}.Debug ARM|Any CPU.ActiveCfg = Debug ARM|Any CPU
		{2BBDEDC5-ED57-486B-90AE-0658E145DA6D}.Debug ARM|Any CPU.Build.0 = Debug ARM|Any CPU
		{2BBDEDC5-ED57-486B-90AE-0658E145DA6D}.Debug ARM|ARM.ActiveCfg = Debug ARM|ARM
		{2BBDEDC5-ED57-486B-90AE-0658E145DA6D}.Debug ARM|ARM.Build.0 = Debug ARM|ARM
		{2BBDEDC5-ED57-486B-90AE-0658E145DA6D}.Debug ARM|Mixed Platforms.ActiveCfg = Debug ARM|ARM
		{2BBDEDC5-ED57-486B-90AE-0658E145DA6D}.Debug ARM|Mixed Platforms.Build.0 = Debug ARM|ARM
		{2BBDEDC5-ED57-486B-90AE-0658E145DA6D}.Debug ARM|Win32.ActiveCfg = Debug ARM|x86
		{2BBDEDC5-ED57-486B-90AE-0658E145DA6D}.Debug ARM|Win32.Build.0 = Debug ARM|x86
		{2BBDEDC5-ED57-486B-90AE-0658E145DA6D}.Debug ARM|x86.ActiveCfg = Debug ARM|x86
		{2BBDEDC5-ED57-486B-90AE-0658E145DA6D}.Debug ARM|x86.Build.0 = Debug ARM|x86
		{2BBDEDC5-ED57-486B-90AE-0658E145DA6D}.Debug|Any CPU.ActiveCfg = Debug|Any CPU
		{2BBDEDC5-ED57-486B-90AE-0658E145DA6D}.Debug|Any CPU.Build.0 = Debug|Any CPU
		{2BBDEDC5-ED57-486B-90AE-0658E145DA6D}.Debug|ARM.ActiveCfg = Debug|ARM
		{2BBDEDC5-ED57-486B-90AE-0658E145DA6D}.Debug|ARM.Build.0 = Debug|ARM
		{2BBDEDC5-ED57-486B-90AE-0658E145DA6D}.Debug|Mixed Platforms.ActiveCfg = Debug|x86
		{2BBDEDC5-ED57-486B-90AE-0658E145DA6D}.Debug|Mixed Platforms.Build.0 = Debug|x86
		{2BBDEDC5-ED57-486B-90AE-0658E145DA6D}.Debug|Win32.ActiveCfg = Debug|x86
		{2BBDEDC5-ED57-486B-90AE-0658E145DA6D}.Debug|Win32.Build.0 = Debug|x86
		{2BBDEDC5-ED57-486B-90AE-0658E145DA6D}.Debug|x86.ActiveCfg = Debug|x86
		{2BBDEDC5-ED57-486B-90AE-0658E145DA6D}.Debug|x86.Build.0 = Debug|x86
		{2BBDEDC5-ED57-486B-90AE-0658E145DA6D}.Release ARM|Any CPU.ActiveCfg = Release ARM|Any CPU
		{2BBDEDC5-ED57-486B-90AE-0658E145DA6D}.Release ARM|Any CPU.Build.0 = Release ARM|Any CPU
		{2BBDEDC5-ED57-486B-90AE-0658E145DA6D}.Release ARM|ARM.ActiveCfg = Release ARM|ARM
		{2BBDEDC5-ED57-486B-90AE-0658E145DA6D}.Release ARM|ARM.Build.0 = Release ARM|ARM
		{2BBDEDC5-ED57-486B-90AE-0658E145DA6D}.Release ARM|Mixed Platforms.ActiveCfg = Release ARM|ARM
		{2BBDEDC5-ED57-486B-90AE-0658E145DA6D}.Release ARM|Mixed Platforms.Build.0 = Release ARM|ARM
		{2BBDEDC5-ED57-486B-90AE-0658E145DA6D}.Release ARM|Win32.ActiveCfg = Release ARM|x86
		{2BBDEDC5-ED57-486B-90AE-0658E145DA6D}.Release ARM|Win32.Build.0 = Release ARM|x86
		{2BBDEDC5-ED57-486B-90AE-0658E145DA6D}.Release ARM|x86.ActiveCfg = Release ARM|x86
		{2BBDEDC5-ED57-486B-90AE-0658E145DA6D}.Release ARM|x86.Build.0 = Release ARM|x86
		{2BBDEDC5-ED57-486B-90AE-0658E145DA6D}.Release|Any CPU.ActiveCfg = Release|Any CPU
		{2BBDEDC5-ED57-486B-90AE-0658E145DA6D}.Release|Any CPU.Build.0 = Release|Any CPU
		{2BBDEDC5-ED57-486B-90AE-0658E145DA6D}.Release|ARM.ActiveCfg = Release|ARM
		{2BBDEDC5-ED57-486B-90AE-0658E145DA6D}.Release|ARM.Build.0 = Release|ARM
		{2BBDEDC5-ED57-486B-90AE-0658E145DA6D}.Release|Mixed Platforms.ActiveCfg = Release|x86
		{2BBDEDC5-ED57-486B-90AE-0658E145DA6D}.Release|Mixed Platforms.Build.0 = Release|x86
		{2BBDEDC5-ED57-486B-90AE-0658E145DA6D}.Release|Win32.ActiveCfg = Release|x86
		{2BBDEDC5-ED57-486B-90AE-0658E145DA6D}.Release|Win32.Build.0 = Release|x86
		{2BBDEDC5-ED57-486B-90AE-0658E145DA6D}.Release|x86.ActiveCfg = Release|x86
		{2BBDEDC5-ED57-486B-90AE-0658E145DA6D}.Release|x86.Build.0 = Release|x86
		{336FB8DF-A5DE-45F6-A66E-F43C25B3F65C}.Debug ARM|Any CPU.ActiveCfg = Debug|Any CPU
		{336FB8DF-A5DE-45F6-A66E-F43C25B3F65C}.Debug ARM|Any CPU.Build.0 = Debug|Any CPU
		{336FB8DF-A5DE-45F6-A66E-F43C25B3F65C}.Debug ARM|ARM.ActiveCfg = Debug|Any CPU
		{336FB8DF-A5DE-45F6-A66E-F43C25B3F65C}.Debug ARM|Mixed Platforms.ActiveCfg = Debug|Any CPU
		{336FB8DF-A5DE-45F6-A66E-F43C25B3F65C}.Debug ARM|Mixed Platforms.Build.0 = Debug|Any CPU
		{336FB8DF-A5DE-45F6-A66E-F43C25B3F65C}.Debug ARM|Win32.ActiveCfg = Debug|Any CPU
		{336FB8DF-A5DE-45F6-A66E-F43C25B3F65C}.Debug ARM|x86.ActiveCfg = Debug|Any CPU
		{336FB8DF-A5DE-45F6-A66E-F43C25B3F65C}.Debug|Any CPU.ActiveCfg = Debug|Any CPU
		{336FB8DF-A5DE-45F6-A66E-F43C25B3F65C}.Debug|Any CPU.Build.0 = Debug|Any CPU
		{336FB8DF-A5DE-45F6-A66E-F43C25B3F65C}.Debug|ARM.ActiveCfg = Debug|Any CPU
		{336FB8DF-A5DE-45F6-A66E-F43C25B3F65C}.Debug|Mixed Platforms.ActiveCfg = Debug|Any CPU
		{336FB8DF-A5DE-45F6-A66E-F43C25B3F65C}.Debug|Mixed Platforms.Build.0 = Debug|Any CPU
		{336FB8DF-A5DE-45F6-A66E-F43C25B3F65C}.Debug|Win32.ActiveCfg = Debug|Any CPU
		{336FB8DF-A5DE-45F6-A66E-F43C25B3F65C}.Debug|x86.ActiveCfg = Debug|Any CPU
		{336FB8DF-A5DE-45F6-A66E-F43C25B3F65C}.Release ARM|Any CPU.ActiveCfg = Release|Any CPU
		{336FB8DF-A5DE-45F6-A66E-F43C25B3F65C}.Release ARM|Any CPU.Build.0 = Release|Any CPU
		{336FB8DF-A5DE-45F6-A66E-F43C25B3F65C}.Release ARM|ARM.ActiveCfg = Release|Any CPU
		{336FB8DF-A5DE-45F6-A66E-F43C25B3F65C}.Release ARM|Mixed Platforms.ActiveCfg = Release|Any CPU
		{336FB8DF-A5DE-45F6-A66E-F43C25B3F65C}.Release ARM|Mixed Platforms.Build.0 = Release|Any CPU
		{336FB8DF-A5DE-45F6-A66E-F43C25B3F65C}.Release ARM|Win32.ActiveCfg = Release|Any CPU
		{336FB8DF-A5DE-45F6-A66E-F43C25B3F65C}.Release ARM|x86.ActiveCfg = Release|Any CPU
		{336FB8DF-A5DE-45F6-A66E-F43C25B3F65C}.Release|Any CPU.ActiveCfg = Release|Any CPU
		{336FB8DF-A5DE-45F6-A66E-F43C25B3F65C}.Release|Any CPU.Build.0 = Release|Any CPU
		{336FB8DF-A5DE-45F6-A66E-F43C25B3F65C}.Release|ARM.ActiveCfg = Release|Any CPU
		{336FB8DF-A5DE-45F6-A66E-F43C25B3F65C}.Release|Mixed Platforms.ActiveCfg = Release|Any CPU
		{336FB8DF-A5DE-45F6-A66E-F43C25B3F65C}.Release|Mixed Platforms.Build.0 = Release|Any CPU
		{336FB8DF-A5DE-45F6-A66E-F43C25B3F65C}.Release|Win32.ActiveCfg = Release|Any CPU
		{336FB8DF-A5DE-45F6-A66E-F43C25B3F65C}.Release|x86.ActiveCfg = Release|Any CPU
		{D1EE558B-3307-4AD4-A316-910F790F304F}.Debug ARM|Any CPU.ActiveCfg = Debug|Any CPU
		{D1EE558B-3307-4AD4-A316-910F790F304F}.Debug ARM|Any CPU.Build.0 = Debug|Any CPU
		{D1EE558B-3307-4AD4-A316-910F790F304F}.Debug ARM|ARM.ActiveCfg = Debug|Any CPU
		{D1EE558B-3307-4AD4-A316-910F790F304F}.Debug ARM|Mixed Platforms.ActiveCfg = Debug|Any CPU
		{D1EE558B-3307-4AD4-A316-910F790F304F}.Debug ARM|Mixed Platforms.Build.0 = Debug|Any CPU
		{D1EE558B-3307-4AD4-A316-910F790F304F}.Debug ARM|Win32.ActiveCfg = Debug|Any CPU
		{D1EE558B-3307-4AD4-A316-910F790F304F}.Debug ARM|x86.ActiveCfg = Debug|Any CPU
		{D1EE558B-3307-4AD4-A316-910F790F304F}.Debug|Any CPU.ActiveCfg = Debug|Any CPU
		{D1EE558B-3307-4AD4-A316-910F790F304F}.Debug|Any CPU.Build.0 = Debug|Any CPU
		{D1EE558B-3307-4AD4-A316-910F790F304F}.Debug|ARM.ActiveCfg = Debug|Any CPU
		{D1EE558B-3307-4AD4-A316-910F790F304F}.Debug|Mixed Platforms.ActiveCfg = Debug|Any CPU
		{D1EE558B-3307-4AD4-A316-910F790F304F}.Debug|Mixed Platforms.Build.0 = Debug|Any CPU
		{D1EE558B-3307-4AD4-A316-910F790F304F}.Debug|Win32.ActiveCfg = Debug|Any CPU
		{D1EE558B-3307-4AD4-A316-910F790F304F}.Debug|x86.ActiveCfg = Debug|Any CPU
		{D1EE558B-3307-4AD4-A316-910F790F304F}.Release ARM|Any CPU.ActiveCfg = Release|Any CPU
		{D1EE558B-3307-4AD4-A316-910F790F304F}.Release ARM|Any CPU.Build.0 = Release|Any CPU
		{D1EE558B-3307-4AD4-A316-910F790F304F}.Release ARM|ARM.ActiveCfg = Release|Any CPU
		{D1EE558B-3307-4AD4-A316-910F790F304F}.Release ARM|Mixed Platforms.ActiveCfg = Release|Any CPU
		{D1EE558B-3307-4AD4-A316-910F790F304F}.Release ARM|Mixed Platforms.Build.0 = Release|Any CPU
		{D1EE558B-3307-4AD4-A316-910F790F304F}.Release ARM|Win32.ActiveCfg = Release|Any CPU
		{D1EE558B-3307-4AD4-A316-910F790F304F}.Release ARM|x86.ActiveCfg = Release|Any CPU
		{D1EE558B-3307-4AD4-A316-910F790F304F}.Release|Any CPU.ActiveCfg = Release|Any CPU
		{D1EE558B-3307-4AD4-A316-910F790F304F}.Release|Any CPU.Build.0 = Release|Any CPU
		{D1EE558B-3307-4AD4-A316-910F790F304F}.Release|ARM.ActiveCfg = Release|Any CPU
		{D1EE558B-3307-4AD4-A316-910F790F304F}.Release|Mixed Platforms.ActiveCfg = Release|Any CPU
		{D1EE558B-3307-4AD4-A316-910F790F304F}.Release|Mixed Platforms.Build.0 = Release|Any CPU
		{D1EE558B-3307-4AD4-A316-910F790F304F}.Release|Win32.ActiveCfg = Release|Any CPU
		{D1EE558B-3307-4AD4-A316-910F790F304F}.Release|x86.ActiveCfg = Release|Any CPU
		{59B35F6C-E062-4F0E-88D8-13F3F82A24F3}.Debug ARM|Any CPU.ActiveCfg = Debug|Win32
		{59B35F6C-E062-4F0E-88D8-13F3F82A24F3}.Debug ARM|ARM.ActiveCfg = Debug|ARM
		{59B35F6C-E062-4F0E-88D8-13F3F82A24F3}.Debug ARM|ARM.Build.0 = Debug|ARM
		{59B35F6C-E062-4F0E-88D8-13F3F82A24F3}.Debug ARM|Mixed Platforms.ActiveCfg = Debug|ARM
		{59B35F6C-E062-4F0E-88D8-13F3F82A24F3}.Debug ARM|Mixed Platforms.Build.0 = Debug|ARM
		{59B35F6C-E062-4F0E-88D8-13F3F82A24F3}.Debug ARM|Win32.ActiveCfg = Debug|Win32
		{59B35F6C-E062-4F0E-88D8-13F3F82A24F3}.Debug ARM|Win32.Build.0 = Debug|Win32
		{59B35F6C-E062-4F0E-88D8-13F3F82A24F3}.Debug ARM|x86.ActiveCfg = Debug|Win32
		{59B35F6C-E062-4F0E-88D8-13F3F82A24F3}.Debug ARM|x86.Build.0 = Debug|Win32
		{59B35F6C-E062-4F0E-88D8-13F3F82A24F3}.Debug|Any CPU.ActiveCfg = Debug|Win32
		{59B35F6C-E062-4F0E-88D8-13F3F82A24F3}.Debug|ARM.ActiveCfg = Debug|ARM
		{59B35F6C-E062-4F0E-88D8-13F3F82A24F3}.Debug|ARM.Build.0 = Debug|ARM
		{59B35F6C-E062-4F0E-88D8-13F3F82A24F3}.Debug|Mixed Platforms.ActiveCfg = Debug|Win32
		{59B35F6C-E062-4F0E-88D8-13F3F82A24F3}.Debug|Mixed Platforms.Build.0 = Debug|Win32
		{59B35F6C-E062-4F0E-88D8-13F3F82A24F3}.Debug|Win32.ActiveCfg = Debug|Win32
		{59B35F6C-E062-4F0E-88D8-13F3F82A24F3}.Debug|Win32.Build.0 = Debug|Win32
		{59B35F6C-E062-4F0E-88D8-13F3F82A24F3}.Debug|x86.ActiveCfg = Debug|Win32
		{59B35F6C-E062-4F0E-88D8-13F3F82A24F3}.Debug|x86.Build.0 = Debug|Win32
		{59B35F6C-E062-4F0E-88D8-13F3F82A24F3}.Release ARM|Any CPU.ActiveCfg = Release|Win32
		{59B35F6C-E062-4F0E-88D8-13F3F82A24F3}.Release ARM|ARM.ActiveCfg = Release|ARM
		{59B35F6C-E062-4F0E-88D8-13F3F82A24F3}.Release ARM|ARM.Build.0 = Release|ARM
		{59B35F6C-E062-4F0E-88D8-13F3F82A24F3}.Release ARM|Mixed Platforms.ActiveCfg = Release|ARM
		{59B35F6C-E062-4F0E-88D8-13F3F82A24F3}.Release ARM|Mixed Platforms.Build.0 = Release|ARM
		{59B35F6C-E062-4F0E-88D8-13F3F82A24F3}.Release ARM|Win32.ActiveCfg = Release|Win32
		{59B35F6C-E062-4F0E-88D8-13F3F82A24F3}.Release ARM|Win32.Build.0 = Release|Win32
		{59B35F6C-E062-4F0E-88D8-13F3F82A24F3}.Release ARM|x86.ActiveCfg = Release|Win32
		{59B35F6C-E062-4F0E-88D8-13F3F82A24F3}.Release ARM|x86.Build.0 = Release|Win32
		{59B35F6C-E062-4F0E-88D8-13F3F82A24F3}.Release|Any CPU.ActiveCfg = Release|Win32
		{59B35F6C-E062-4F0E-88D8-13F3F82A24F3}.Release|ARM.ActiveCfg = Release|ARM
		{59B35F6C-E062-4F0E-88D8-13F3F82A24F3}.Release|ARM.Build.0 = Release|ARM
		{59B35F6C-E062-4F0E-88D8-13F3F82A24F3}.Release|Mixed Platforms.ActiveCfg = Release|Win32
		{59B35F6C-E062-4F0E-88D8-13F3F82A24F3}.Release|Mixed Platforms.Build.0 = Release|Win32
		{59B35F6C-E062-4F0E-88D8-13F3F82A24F3}.Release|Win32.ActiveCfg = Release|Win32
		{59B35F6C-E062-4F0E-88D8-13F3F82A24F3}.Release|Win32.Build.0 = Release|Win32
		{59B35F6C-E062-4F0E-88D8-13F3F82A24F3}.Release|x86.ActiveCfg = Release|Win32
		{59B35F6C-E062-4F0E-88D8-13F3F82A24F3}.Release|x86.Build.0 = Release|Win32
		{EA664269-CD4C-4236-8322-825E6A81EB21}.Debug ARM|Any CPU.ActiveCfg = Debug|Any CPU
		{EA664269-CD4C-4236-8322-825E6A81EB21}.Debug ARM|Any CPU.Build.0 = Debug|Any CPU
		{EA664269-CD4C-4236-8322-825E6A81EB21}.Debug ARM|Any CPU.Deploy.0 = Debug|Any CPU
		{EA664269-CD4C-4236-8322-825E6A81EB21}.Debug ARM|ARM.ActiveCfg = Debug|ARM
		{EA664269-CD4C-4236-8322-825E6A81EB21}.Debug ARM|ARM.Build.0 = Debug|ARM
		{EA664269-CD4C-4236-8322-825E6A81EB21}.Debug ARM|ARM.Deploy.0 = Debug|ARM
		{EA664269-CD4C-4236-8322-825E6A81EB21}.Debug ARM|Mixed Platforms.ActiveCfg = Debug|x86
		{EA664269-CD4C-4236-8322-825E6A81EB21}.Debug ARM|Mixed Platforms.Build.0 = Debug|x86
		{EA664269-CD4C-4236-8322-825E6A81EB21}.Debug ARM|Mixed Platforms.Deploy.0 = Debug|x86
		{EA664269-CD4C-4236-8322-825E6A81EB21}.Debug ARM|Win32.ActiveCfg = Debug|x86
		{EA664269-CD4C-4236-8322-825E6A81EB21}.Debug ARM|Win32.Build.0 = Debug|x86
		{EA664269-CD4C-4236-8322-825E6A81EB21}.Debug ARM|Win32.Deploy.0 = Debug|x86
		{EA664269-CD4C-4236-8322-825E6A81EB21}.Debug ARM|x86.ActiveCfg = Debug|x86
		{EA664269-CD4C-4236-8322-825E6A81EB21}.Debug ARM|x86.Build.0 = Debug|x86
		{EA664269-CD4C-4236-8322-825E6A81EB21}.Debug ARM|x86.Deploy.0 = Debug|x86
		{EA664269-CD4C-4236-8322-825E6A81EB21}.Debug|Any CPU.ActiveCfg = Debug|Any CPU
		{EA664269-CD4C-4236-8322-825E6A81EB21}.Debug|Any CPU.Build.0 = Debug|Any CPU
		{EA664269-CD4C-4236-8322-825E6A81EB21}.Debug|Any CPU.Deploy.0 = Debug|Any CPU
		{EA664269-CD4C-4236-8322-825E6A81EB21}.Debug|ARM.ActiveCfg = Debug|ARM
		{EA664269-CD4C-4236-8322-825E6A81EB21}.Debug|ARM.Build.0 = Debug|ARM
		{EA664269-CD4C-4236-8322-825E6A81EB21}.Debug|ARM.Deploy.0 = Debug|ARM
		{EA664269-CD4C-4236-8322-825E6A81EB21}.Debug|Mixed Platforms.ActiveCfg = Debug|x86
		{EA664269-CD4C-4236-8322-825E6A81EB21}.Debug|Mixed Platforms.Build.0 = Debug|x86
		{EA664269-CD4C-4236-8322-825E6A81EB21}.Debug|Mixed Platforms.Deploy.0 = Debug|x86
		{EA664269-CD4C-4236-8322-825E6A81EB21}.Debug|Win32.ActiveCfg = Debug|x86
		{EA664269-CD4C-4236-8322-825E6A81EB21}.Debug|Win32.Build.0 = Debug|x86
		{EA664269-CD4C-4236-8322-825E6A81EB21}.Debug|Win32.Deploy.0 = Debug|x86
		{EA664269-CD4C-4236-8322-825E6A81EB21}.Debug|x86.ActiveCfg = Debug|x86
		{EA664269-CD4C-4236-8322-825E6A81EB21}.Debug|x86.Build.0 = Debug|x86
		{EA664269-CD4C-4236-8322-825E6A81EB21}.Debug|x86.Deploy.0 = Debug|x86
		{EA664269-CD4C-4236-8322-825E6A81EB21}.Release ARM|Any CPU.ActiveCfg = Release|Any CPU
		{EA664269-CD4C-4236-8322-825E6A81EB21}.Release ARM|Any CPU.Build.0 = Release|Any CPU
		{EA664269-CD4C-4236-8322-825E6A81EB21}.Release ARM|Any CPU.Deploy.0 = Release|Any CPU
		{EA664269-CD4C-4236-8322-825E6A81EB21}.Release ARM|ARM.ActiveCfg = Release|ARM
		{EA664269-CD4C-4236-8322-825E6A81EB21}.Release ARM|ARM.Build.0 = Release|ARM
		{EA664269-CD4C-4236-8322-825E6A81EB21}.Release ARM|ARM.Deploy.0 = Release|ARM
		{EA664269-CD4C-4236-8322-825E6A81EB21}.Release ARM|Mixed Platforms.ActiveCfg = Release|x86
		{EA664269-CD4C-4236-8322-825E6A81EB21}.Release ARM|Mixed Platforms.Build.0 = Release|x86
		{EA664269-CD4C-4236-8322-825E6A81EB21}.Release ARM|Mixed Platforms.Deploy.0 = Release|x86
		{EA664269-CD4C-4236-8322-825E6A81EB21}.Release ARM|Win32.ActiveCfg = Release|x86
		{EA664269-CD4C-4236-8322-825E6A81EB21}.Release ARM|Win32.Build.0 = Release|x86
		{EA664269-CD4C-4236-8322-825E6A81EB21}.Release ARM|Win32.Deploy.0 = Release|x86
		{EA664269-CD4C-4236-8322-825E6A81EB21}.Release ARM|x86.ActiveCfg = Release|x86
		{EA664269-CD4C-4236-8322-825E6A81EB21}.Release ARM|x86.Build.0 = Release|x86
		{EA664269-CD4C-4236-8322-825E6A81EB21}.Release ARM|x86.Deploy.0 = Release|x86
		{EA664269-CD4C-4236-8322-825E6A81EB21}.Release|Any CPU.ActiveCfg = Release|Any CPU
		{EA664269-CD4C-4236-8322-825E6A81EB21}.Release|Any CPU.Build.0 = Release|Any CPU
		{EA664269-CD4C-4236-8322-825E6A81EB21}.Release|Any CPU.Deploy.0 = Release|Any CPU
		{EA664269-CD4C-4236-8322-825E6A81EB21}.Release|ARM.ActiveCfg = Release|ARM
		{EA664269-CD4C-4236-8322-825E6A81EB21}.Release|ARM.Build.0 = Release|ARM
		{EA664269-CD4C-4236-8322-825E6A81EB21}.Release|ARM.Deploy.0 = Release|ARM
		{EA664269-CD4C-4236-8322-825E6A81EB21}.Release|Mixed Platforms.ActiveCfg = Release|x86
		{EA664269-CD4C-4236-8322-825E6A81EB21}.Release|Mixed Platforms.Build.0 = Release|x86
		{EA664269-CD4C-4236-8322-825E6A81EB21}.Release|Mixed Platforms.Deploy.0 = Release|x86
		{EA664269-CD4C-4236-8322-825E6A81EB21}.Release|Win32.ActiveCfg = Release|x86
		{EA664269-CD4C-4236-8322-825E6A81EB21}.Release|Win32.Build.0 = Release|x86
		{EA664269-CD4C-4236-8322-825E6A81EB21}.Release|Win32.Deploy.0 = Release|x86
		{EA664269-CD4C-4236-8322-825E6A81EB21}.Release|x86.ActiveCfg = Release|x86
		{EA664269-CD4C-4236-8322-825E6A81EB21}.Release|x86.Build.0 = Release|x86
		{EA664269-CD4C-4236-8322-825E6A81EB21}.Release|x86.Deploy.0 = Release|x86
	EndGlobalSection
	GlobalSection(SolutionProperties) = preSolution
		HideSolutionNode = FALSE
	EndGlobalSection
EndGlobal
